# This file is automatically @generated by Wally.
# It is not intended for manual editing.
registry = "test"

[[package]]
name = "cody-nelson/trove"
version = "0.0.1"
dependencies = [["t", "osyrisrblx/t@3.1.1"]]

[[package]]
name = "osyrisrblx/t"
version = "3.1.1"
dependencies = []

[[package]]
name = "user/teststuff"
version = "0.1.0"
dependencies = [["Signal", "weathergod3218/goodsignal@0.2.3"], ["Trove", "cody-nelson/trove@0.0.1"]]

[[package]]
name = "weathergod3218/goodsignal"
version = "0.2.3"
dependencies = []
